
Microsoft Visual Studio Solution File, Format Version 12.00
# Visual Studio 15
VisualStudioVersion = 15.0.27004.2008
MinimumVisualStudioVersion = 10.0.40219.1
Project("{FAE04EC0-301F-11D3-BF4B-00C04F79EFBC}") = "MySudokuMVCWebApp", "MySudokuMVCWebApp\MySudokuMVCWebApp.csproj", "{F9C57AF5-9852-48D2-BAB4-5EA9FC49D448}"
EndProject
Project("{FAE04EC0-301F-11D3-BF4B-00C04F79EFBC}") = "MySudokuMVCWebApp.Tests", "MySudokuMVCWebApp.Tests\MySudokuMVCWebApp.Tests.csproj", "{589ABB1E-7B01-4DC8-BE85-551EC14BF31C}"
EndProject
Global
	GlobalSection(SolutionConfigurationPlatforms) = preSolution
		Debug|Any CPU = Debug|Any CPU
		Release|Any CPU = Release|Any CPU
	EndGlobalSection
	GlobalSection(ProjectConfigurationPlatforms) = postSolution
		{F9C57AF5-9852-48D2-BAB4-5EA9FC49D448}.Debug|Any CPU.ActiveCfg = Debug|Any CPU
		{F9C57AF5-9852-48D2-BAB4-5EA9FC49D448}.Debug|Any CPU.Build.0 = Debug|Any CPU
		{F9C57AF5-9852-48D2-BAB4-5EA9FC49D448}.Release|Any CPU.ActiveCfg = Release|Any CPU
		{F9C57AF5-9852-48D2-BAB4-5EA9FC49D448}.Release|Any CPU.Build.0 = Release|Any CPU
		{589ABB1E-7B01-4DC8-BE85-551EC14BF31C}.Debug|Any CPU.ActiveCfg = Debug|Any CPU
		{589ABB1E-7B01-4DC8-BE85-551EC14BF31C}.Debug|Any CPU.Build.0 = Debug|Any CPU
		{589ABB1E-7B01-4DC8-BE85-551EC14BF31C}.Release|Any CPU.ActiveCfg = Release|Any CPU
		{589ABB1E-7B01-4DC8-BE85-551EC14BF31C}.Release|Any CPU.Build.0 = Release|Any CPU
	EndGlobalSection
	GlobalSection(SolutionProperties) = preSolution
		HideSolutionNode = FALSE
	EndGlobalSection
	GlobalSection(ExtensibilityGlobals) = postSolution
		SolutionGuid = {DF4D7EE8-9FF8-4C97-8A3E-3B6A6F992946}
	EndGlobalSection
EndGlobal
